{
  "object": {
    "pins": [
      {
        "package": "Lottie",
        "repositoryURL": "https://github.com/airbnb/lottie-ios.git",
        "state": {
          "branch": "master",
          "revision": "b4f9b2ea44fcc47628a27c1fb876314608f1736b",
          "version": null
        }
      },
      {
        "package": "SnapKit",
        "repositoryURL": "https://github.com/SnapKit/SnapKit.git",
        "state": {
          "branch": null,
          "revision": "f222cbdf325885926566172f6f5f06af95473158",
          "version": "5.6.0"
        }
      }
    ]
  },
  "version": 1
}
